
Microsoft Visual Studio Solution File, Format Version 12.00
# Visual Studio Version 16
VisualStudioVersion = 16.0.31019.35
MinimumVisualStudioVersion = 10.0.40219.1
Project("{FAE04EC0-301F-11D3-BF4B-00C04F79EFBC}") = "ContosoCrafts", "ContosoCrafts.csproj", "{6F92053C-3104-47C4-97D3-EC47E2E0552A}"
EndProject
Global
	GlobalSection(SolutionConfigurationPlatforms) = preSolution
		Debug|Any CPU = Debug|Any CPU
		Release|Any CPU = Release|Any CPU
	EndGlobalSection
	GlobalSection(ProjectConfigurationPlatforms) = postSolution
		{6F92053C-3104-47C4-97D3-EC47E2E0552A}.Debug|Any CPU.ActiveCfg = Debug|Any CPU
		{6F92053C-3104-47C4-97D3-EC47E2E0552A}.Debug|Any CPU.Build.0 = Debug|Any CPU
		{6F92053C-3104-47C4-97D3-EC47E2E0552A}.Release|Any CPU.ActiveCfg = Release|Any CPU
		{6F92053C-3104-47C4-97D3-EC47E2E0552A}.Release|Any CPU.Build.0 = Release|Any CPU
	EndGlobalSection
	GlobalSection(SolutionProperties) = preSolution
		HideSolutionNode = FALSE
	EndGlobalSection
	GlobalSection(ExtensibilityGlobals) = postSolution
		SolutionGuid = {1BBDF9BD-D4AF-4B92-B4B9-83478A157C09}
	EndGlobalSection
EndGlobal
